
Microsoft Visual Studio Solution File, Format Version 12.00
# Visual Studio 14
VisualStudioVersion = 14.0.22823.1
MinimumVisualStudioVersion = 10.0.40219.1
Project("{FAE04EC0-301F-11D3-BF4B-00C04F79EFBC}") = "BatteryDemo.Universal", "BatteryDemo.Universal\BatteryDemo.Universal.csproj", "{BC9A7D76-CF08-40C3-8D53-A717F5DB23C4}"
EndProject
Project("{FAE04EC0-301F-11D3-BF4B-00C04F79EFBC}") = "BatteryDemo.Wpf", "BatteryDemo.Wpf\BatteryDemo.Wpf.csproj", "{AED6DC41-A081-4E6B-8C68-7367FA429211}"
EndProject
Project("{FAE04EC0-301F-11D3-BF4B-00C04F79EFBC}") = "BatteryDemo.Wp8", "BatteryDemo.Wp8\BatteryDemo.Wp8.csproj", "{B07AF71D-C673-424F-B384-2F807C803EAE}"
EndProject
Project("{FAE04EC0-301F-11D3-BF4B-00C04F79EFBC}") = "BatteryDemo.Win8", "BatteryDemo.Win8\BatteryDemo.Win8.csproj", "{818B5E06-560F-45AE-84A6-E79F39A9B0B9}"
EndProject
Global
	GlobalSection(SolutionConfigurationPlatforms) = preSolution
		Debug|Any CPU = Debug|Any CPU
		Debug|ARM = Debug|ARM
		Debug|x64 = Debug|x64
		Debug|x86 = Debug|x86
		Release|Any CPU = Release|Any CPU
		Release|ARM = Release|ARM
		Release|x64 = Release|x64
		Release|x86 = Release|x86
	EndGlobalSection
	GlobalSection(ProjectConfigurationPlatforms) = postSolution
		{BC9A7D76-CF08-40C3-8D53-A717F5DB23C4}.Debug|Any CPU.ActiveCfg = Debug|x86
		{BC9A7D76-CF08-40C3-8D53-A717F5DB23C4}.Debug|ARM.ActiveCfg = Debug|ARM
		{BC9A7D76-CF08-40C3-8D53-A717F5DB23C4}.Debug|ARM.Build.0 = Debug|ARM
		{BC9A7D76-CF08-40C3-8D53-A717F5DB23C4}.Debug|ARM.Deploy.0 = Debug|ARM
		{BC9A7D76-CF08-40C3-8D53-A717F5DB23C4}.Debug|x64.ActiveCfg = Debug|x64
		{BC9A7D76-CF08-40C3-8D53-A717F5DB23C4}.Debug|x64.Build.0 = Debug|x64
		{BC9A7D76-CF08-40C3-8D53-A717F5DB23C4}.Debug|x64.Deploy.0 = Debug|x64
		{BC9A7D76-CF08-40C3-8D53-A717F5DB23C4}.Debug|x86.ActiveCfg = Debug|x86
		{BC9A7D76-CF08-40C3-8D53-A717F5DB23C4}.Debug|x86.Build.0 = Debug|x86
		{BC9A7D76-CF08-40C3-8D53-A717F5DB23C4}.Debug|x86.Deploy.0 = Debug|x86
		{BC9A7D76-CF08-40C3-8D53-A717F5DB23C4}.Release|Any CPU.ActiveCfg = Release|x86
		{BC9A7D76-CF08-40C3-8D53-A717F5DB23C4}.Release|ARM.ActiveCfg = Release|ARM
		{BC9A7D76-CF08-40C3-8D53-A717F5DB23C4}.Release|ARM.Build.0 = Release|ARM
		{BC9A7D76-CF08-40C3-8D53-A717F5DB23C4}.Release|ARM.Deploy.0 = Release|ARM
		{BC9A7D76-CF08-40C3-8D53-A717F5DB23C4}.Release|x64.ActiveCfg = Release|x64
		{BC9A7D76-CF08-40C3-8D53-A717F5DB23C4}.Release|x64.Build.0 = Release|x64
		{BC9A7D76-CF08-40C3-8D53-A717F5DB23C4}.Release|x64.Deploy.0 = Release|x64
		{BC9A7D76-CF08-40C3-8D53-A717F5DB23C4}.Release|x86.ActiveCfg = Release|x86
		{BC9A7D76-CF08-40C3-8D53-A717F5DB23C4}.Release|x86.Build.0 = Release|x86
		{BC9A7D76-CF08-40C3-8D53-A717F5DB23C4}.Release|x86.Deploy.0 = Release|x86
		{AED6DC41-A081-4E6B-8C68-7367FA429211}.Debug|Any CPU.ActiveCfg = Debug|Any CPU
		{AED6DC41-A081-4E6B-8C68-7367FA429211}.Debug|Any CPU.Build.0 = Debug|Any CPU
		{AED6DC41-A081-4E6B-8C68-7367FA429211}.Debug|ARM.ActiveCfg = Debug|Any CPU
		{AED6DC41-A081-4E6B-8C68-7367FA429211}.Debug|ARM.Build.0 = Debug|Any CPU
		{AED6DC41-A081-4E6B-8C68-7367FA429211}.Debug|x64.ActiveCfg = Debug|Any CPU
		{AED6DC41-A081-4E6B-8C68-7367FA429211}.Debug|x64.Build.0 = Debug|Any CPU
		{AED6DC41-A081-4E6B-8C68-7367FA429211}.Debug|x86.ActiveCfg = Debug|Any CPU
		{AED6DC41-A081-4E6B-8C68-7367FA429211}.Debug|x86.Build.0 = Debug|Any CPU
		{AED6DC41-A081-4E6B-8C68-7367FA429211}.Release|Any CPU.ActiveCfg = Release|Any CPU
		{AED6DC41-A081-4E6B-8C68-7367FA429211}.Release|Any CPU.Build.0 = Release|Any CPU
		{AED6DC41-A081-4E6B-8C68-7367FA429211}.Release|ARM.ActiveCfg = Release|Any CPU
		{AED6DC41-A081-4E6B-8C68-7367FA429211}.Release|ARM.Build.0 = Release|Any CPU
		{AED6DC41-A081-4E6B-8C68-7367FA429211}.Release|x64.ActiveCfg = Release|Any CPU
		{AED6DC41-A081-4E6B-8C68-7367FA429211}.Release|x64.Build.0 = Release|Any CPU
		{AED6DC41-A081-4E6B-8C68-7367FA429211}.Release|x86.ActiveCfg = Release|Any CPU
		{AED6DC41-A081-4E6B-8C68-7367FA429211}.Release|x86.Build.0 = Release|Any CPU
		{B07AF71D-C673-424F-B384-2F807C803EAE}.Debug|Any CPU.ActiveCfg = Debug|Any CPU
		{B07AF71D-C673-424F-B384-2F807C803EAE}.Debug|Any CPU.Build.0 = Debug|Any CPU
		{B07AF71D-C673-424F-B384-2F807C803EAE}.Debug|Any CPU.Deploy.0 = Debug|Any CPU
		{B07AF71D-C673-424F-B384-2F807C803EAE}.Debug|ARM.ActiveCfg = Debug|ARM
		{B07AF71D-C673-424F-B384-2F807C803EAE}.Debug|ARM.Build.0 = Debug|ARM
		{B07AF71D-C673-424F-B384-2F807C803EAE}.Debug|ARM.Deploy.0 = Debug|ARM
		{B07AF71D-C673-424F-B384-2F807C803EAE}.Debug|x64.ActiveCfg = Debug|Any CPU
		{B07AF71D-C673-424F-B384-2F807C803EAE}.Debug|x64.Build.0 = Debug|Any CPU
		{B07AF71D-C673-424F-B384-2F807C803EAE}.Debug|x64.Deploy.0 = Debug|Any CPU
		{B07AF71D-C673-424F-B384-2F807C803EAE}.Debug|x86.ActiveCfg = Debug|x86
		{B07AF71D-C673-424F-B384-2F807C803EAE}.Debug|x86.Build.0 = Debug|x86
		{B07AF71D-C673-424F-B384-2F807C803EAE}.Debug|x86.Deploy.0 = Debug|x86
		{B07AF71D-C673-424F-B384-2F807C803EAE}.Release|Any CPU.ActiveCfg = Release|Any CPU
		{B07AF71D-C673-424F-B384-2F807C803EAE}.Release|Any CPU.Build.0 = Release|Any CPU
		{B07AF71D-C673-424F-B384-2F807C803EAE}.Release|Any CPU.Deploy.0 = Release|Any CPU
		{B07AF71D-C673-424F-B384-2F807C803EAE}.Release|ARM.ActiveCfg = Release|ARM
		{B07AF71D-C673-424F-B384-2F807C803EAE}.Release|ARM.Build.0 = Release|ARM
		{B07AF71D-C673-424F-B384-2F807C803EAE}.Release|ARM.Deploy.0 = Release|ARM
		{B07AF71D-C673-424F-B384-2F807C803EAE}.Release|x64.ActiveCfg = Release|Any CPU
		{B07AF71D-C673-424F-B384-2F807C803EAE}.Release|x64.Build.0 = Release|Any CPU
		{B07AF71D-C673-424F-B384-2F807C803EAE}.Release|x64.Deploy.0 = Release|Any CPU
		{B07AF71D-C673-424F-B384-2F807C803EAE}.Release|x86.ActiveCfg = Release|x86
		{B07AF71D-C673-424F-B384-2F807C803EAE}.Release|x86.Build.0 = Release|x86
		{B07AF71D-C673-424F-B384-2F807C803EAE}.Release|x86.Deploy.0 = Release|x86
		{818B5E06-560F-45AE-84A6-E79F39A9B0B9}.Debug|Any CPU.ActiveCfg = Debug|Any CPU
		{818B5E06-560F-45AE-84A6-E79F39A9B0B9}.Debug|Any CPU.Build.0 = Debug|Any CPU
		{818B5E06-560F-45AE-84A6-E79F39A9B0B9}.Debug|Any CPU.Deploy.0 = Debug|Any CPU
		{818B5E06-560F-45AE-84A6-E79F39A9B0B9}.Debug|ARM.ActiveCfg = Debug|ARM
		{818B5E06-560F-45AE-84A6-E79F39A9B0B9}.Debug|ARM.Build.0 = Debug|ARM
		{818B5E06-560F-45AE-84A6-E79F39A9B0B9}.Debug|ARM.Deploy.0 = Debug|ARM
		{818B5E06-560F-45AE-84A6-E79F39A9B0B9}.Debug|x64.ActiveCfg = Debug|x64
		{818B5E06-560F-45AE-84A6-E79F39A9B0B9}.Debug|x64.Build.0 = Debug|x64
		{818B5E06-560F-45AE-84A6-E79F39A9B0B9}.Debug|x64.Deploy.0 = Debug|x64
		{818B5E06-560F-45AE-84A6-E79F39A9B0B9}.Debug|x86.ActiveCfg = Debug|x86
		{818B5E06-560F-45AE-84A6-E79F39A9B0B9}.Debug|x86.Build.0 = Debug|x86
		{818B5E06-560F-45AE-84A6-E79F39A9B0B9}.Debug|x86.Deploy.0 = Debug|x86
		{818B5E06-560F-45AE-84A6-E79F39A9B0B9}.Release|Any CPU.ActiveCfg = Release|Any CPU
		{818B5E06-560F-45AE-84A6-E79F39A9B0B9}.Release|Any CPU.Build.0 = Release|Any CPU
		{818B5E06-560F-45AE-84A6-E79F39A9B0B9}.Release|Any CPU.Deploy.0 = Release|Any CPU
		{818B5E06-560F-45AE-84A6-E79F39A9B0B9}.Release|ARM.ActiveCfg = Release|ARM
		{818B5E06-560F-45AE-84A6-E79F39A9B0B9}.Release|ARM.Build.0 = Release|ARM
		{818B5E06-560F-45AE-84A6-E79F39A9B0B9}.Release|ARM.Deploy.0 = Release|ARM
		{818B5E06-560F-45AE-84A6-E79F39A9B0B9}.Release|x64.ActiveCfg = Release|x64
		{818B5E06-560F-45AE-84A6-E79F39A9B0B9}.Release|x64.Build.0 = Release|x64
		{818B5E06-560F-45AE-84A6-E79F39A9B0B9}.Release|x64.Deploy.0 = Release|x64
		{818B5E06-560F-45AE-84A6-E79F39A9B0B9}.Release|x86.ActiveCfg = Release|x86
		{818B5E06-560F-45AE-84A6-E79F39A9B0B9}.Release|x86.Build.0 = Release|x86
		{818B5E06-560F-45AE-84A6-E79F39A9B0B9}.Release|x86.Deploy.0 = Release|x86
	EndGlobalSection
	GlobalSection(SolutionProperties) = preSolution
		HideSolutionNode = FALSE
	EndGlobalSection
EndGlobal
